// !$*UTF8*$!
{
	archiveVersion = 1;
	classes = {
	};
	objectVersion = 50;
	objects = {

/* Begin PBXBuildFile section */
		4B2F8B312529E34800199193 /* AppDelegate.swift in Sources */ = {isa = PBXBuildFile; fileRef = 4B2F8B302529E34800199193 /* AppDelegate.swift */; };
		4B2F8B332529E34800199193 /* SceneDelegate.swift in Sources */ = {isa = PBXBuildFile; fileRef = 4B2F8B322529E34800199193 /* SceneDelegate.swift */; };
		4B2F8B352529E34800199193 /* ViewController.swift in Sources */ = {isa = PBXBuildFile; fileRef = 4B2F8B342529E34800199193 /* ViewController.swift */; };
		4B2F8B382529E34800199193 /* Main.storyboard in Resources */ = {isa = PBXBuildFile; fileRef = 4B2F8B362529E34800199193 /* Main.storyboard */; };
		4B2F8B3A2529E34B00199193 /* Assets.xcassets in Resources */ = {isa = PBXBuildFile; fileRef = 4B2F8B392529E34B00199193 /* Assets.xcassets */; };
		4B2F8B3D2529E34B00199193 /* LaunchScreen.storyboard in Resources */ = {isa = PBXBuildFile; fileRef = 4B2F8B3B2529E34B00199193 /* LaunchScreen.storyboard */; };
		4B2F8B482529E34C00199193 /* ExampleTests.swift in Sources */ = {isa = PBXBuildFile; fileRef = 4B2F8B472529E34C00199193 /* ExampleTests.swift */; };
		4B2F8B532529E34C00199193 /* ExampleUITests.swift in Sources */ = {isa = PBXBuildFile; fileRef = 4B2F8B522529E34C00199193 /* ExampleUITests.swift */; };
		CA808D67E8AD4310F3A8B329 /* Pods_Example.framework in Frameworks */ = {isa = PBXBuildFile; fileRef = 5CA539A258FDDFAE155A1531 /* Pods_Example.framework */; };
/* End PBXBuildFile section */

/* Begin PBXContainerItemProxy section */
		4B2F8B442529E34C00199193 /* PBXContainerItemProxy */ = {
			isa = PBXContainerItemProxy;
			containerPortal = 4B2F8B252529E34800199193 /* Project object */;
			proxyType = 1;
			remoteGlobalIDString = 4B2F8B2C2529E34800199193;
			remoteInfo = Example;
		};
		4B2F8B4F2529E34C00199193 /* PBXContainerItemProxy */ = {
			isa = PBXContainerItemProxy;
			containerPortal = 4B2F8B252529E34800199193 /* Project object */;
			proxyType = 1;
			remoteGlobalIDString = 4B2F8B2C2529E34800199193;
			remoteInfo = Example;
		};
/* End PBXContainerItemProxy section */

/* Begin PBXFileReference section */
		3BB08DEF59DB3F312F17BCC2 /* Pods-Example.release.xcconfig */ = {isa = PBXFileReference; includeInIndex = 1; lastKnownFileType = text.xcconfig; name = "Pods-Example.release.xcconfig"; path = "Target Support Files/Pods-Example/Pods-Example.release.xcconfig"; sourceTree = "<group>"; };
		4B2F8B2D2529E34800199193 /* Example.app */ = {isa = PBXFileReference; explicitFileType = wrapper.application; includeInIndex = 0; path = Example.app; sourceTree = BUILT_PRODUCTS_DIR; };
		4B2F8B302529E34800199193 /* AppDelegate.swift */ = {isa = PBXFileReference; lastKnownFileType = sourcecode.swift; path = AppDelegate.swift; sourceTree = "<group>"; };
		4B2F8B322529E34800199193 /* SceneDelegate.swift */ = {isa = PBXFileReference; lastKnownFileType = sourcecode.swift; path = SceneDelegate.swift; sourceTree = "<group>"; };
		4B2F8B342529E34800199193 /* ViewController.swift */ = {isa = PBXFileReference; lastKnownFileType = sourcecode.swift; path = ViewController.swift; sourceTree = "<group>"; };
		4B2F8B372529E34800199193 /* Base */ = {isa = PBXFileReference; lastKnownFileType = file.storyboard; name = Base; path = Base.lproj/Main.storyboard; sourceTree = "<group>"; };
		4B2F8B392529E34B00199193 /* Assets.xcassets */ = {isa = PBXFileReference; lastKnownFileType = folder.assetcatalog; path = Assets.xcassets; sourceTree = "<group>"; };
		4B2F8B3C2529E34B00199193 /* Base */ = {isa = PBXFileReference; lastKnownFileType = file.storyboard; name = Base; path = Base.lproj/LaunchScreen.storyboard; sourceTree = "<group>"; };
		4B2F8B3E2529E34B00199193 /* Info.plist */ = {isa = PBXFileReference; lastKnownFileType = text.plist.xml; path = Info.plist; sourceTree = "<group>"; };
		4B2F8B432529E34C00199193 /* ExampleTests.xctest */ = {isa = PBXFileReference; explicitFileType = wrapper.cfbundle; includeInIndex = 0; path = ExampleTests.xctest; sourceTree = BUILT_PRODUCTS_DIR; };
		4B2F8B472529E34C00199193 /* ExampleTests.swift */ = {isa = PBXFileReference; lastKnownFileType = sourcecode.swift; path = ExampleTests.swift; sourceTree = "<group>"; };
		4B2F8B492529E34C00199193 /* Info.plist */ = {isa = PBXFileReference; lastKnownFileType = text.plist.xml; path = Info.plist; sourceTree = "<group>"; };
		4B2F8B4E2529E34C00199193 /* ExampleUITests.xctest */ = {isa = PBXFileReference; explicitFileType = wrapper.cfbundle; includeInIndex = 0; path = ExampleUITests.xctest; sourceTree = BUILT_PRODUCTS_DIR; };
		4B2F8B522529E34C00199193 /* ExampleUITests.swift */ = {isa = PBXFileReference; lastKnownFileType = sourcecode.swift; path = ExampleUITests.swift; sourceTree = "<group>"; };
		4B2F8B542529E34C00199193 /* Info.plist */ = {isa = PBXFileReference; lastKnownFileType = text.plist.xml; path = Info.plist; sourceTree = "<group>"; };
		590EF0D243B0FD8E960D1330 /* Pods-Example.debug.xcconfig */ = {isa = PBXFileReference; includeInIndex = 1; lastKnownFileType = text.xcconfig; name = "Pods-Example.debug.xcconfig"; path = "Target Support Files/Pods-Example/Pods-Example.debug.xcconfig"; sourceTree = "<group>"; };
		5CA539A258FDDFAE155A1531 /* Pods_Example.framework */ = {isa = PBXFileReference; explicitFileType = wrapper.framework; includeInIndex = 0; path = Pods_Example.framework; sourceTree = BUILT_PRODUCTS_DIR; };
/* End PBXFileReference section */

/* Begin PBXFrameworksBuildPhase section */
		4B2F8B2A2529E34800199193 /* Frameworks */ = {
			isa = PBXFrameworksBuildPhase;
			buildActionMask = 2147483647;
			files = (
				CA808D67E8AD4310F3A8B329 /* Pods_Example.framework in Frameworks */,
			);
			runOnlyForDeploymentPostprocessing = 0;
		};
		4B2F8B402529E34C00199193 /* Frameworks */ = {
			isa = PBXFrameworksBuildPhase;
			buildActionMask = 2147483647;
			files = (
			);
			runOnlyForDeploymentPostprocessing = 0;
		};
		4B2F8B4B2529E34C00199193 /* Frameworks */ = {
			isa = PBXFrameworksBuildPhase;
			buildActionMask = 2147483647;
			files = (
			);
			runOnlyForDeploymentPostprocessing = 0;
		};
/* End PBXFrameworksBuildPhase section */

/* Begin PBXGroup section */
		14F542AB56A3BAF496ECC9F7 /* Pods */ = {
			isa = PBXGroup;
			children = (
				590EF0D243B0FD8E960D1330 /* Pods-Example.debug.xcconfig */,
				3BB08DEF59DB3F312F17BCC2 /* Pods-Example.release.xcconfig */,
			);
			name = Pods;
			path = Pods;
			sourceTree = "<group>";
		};
		3A330C3839F24847D56BA225 /* Frameworks */ = {
			isa = PBXGroup;
			children = (
				5CA539A258FDDFAE155A1531 /* Pods_Example.framework */,
			);
			name = Frameworks;
			sourceTree = "<group>";
		};
		4B2F8B242529E34800199193 = {
			isa = PBXGroup;
			children = (
				4B2F8B2F2529E34800199193 /* Example */,
				4B2F8B462529E34C00199193 /* ExampleTests */,
				4B2F8B512529E34C00199193 /* ExampleUITests */,
				4B2F8B2E2529E34800199193 /* Products */,
				14F542AB56A3BAF496ECC9F7 /* Pods */,
				3A330C3839F24847D56BA225 /* Frameworks */,
			);
			sourceTree = "<group>";
		};
		4B2F8B2E2529E34800199193 /* Products */ = {
			isa = PBXGroup;
			children = (
				4B2F8B2D2529E34800199193 /* Example.app */,
				4B2F8B432529E34C00199193 /* ExampleTests.xctest */,
				4B2F8B4E2529E34C00199193 /* ExampleUITests.xctest */,
			);
			name = Products;
			sourceTree = "<group>";
		};
		4B2F8B2F2529E34800199193 /* Example */ = {
			isa = PBXGroup;
			children = (
				4B2F8B302529E34800199193 /* AppDelegate.swift */,
				4B2F8B322529E34800199193 /* SceneDelegate.swift */,
				4B2F8B342529E34800199193 /* ViewController.swift */,
				4B2F8B362529E34800199193 /* Main.storyboard */,
				4B2F8B392529E34B00199193 /* Assets.xcassets */,
				4B2F8B3B2529E34B00199193 /* LaunchScreen.storyboard */,
				4B2F8B3E2529E34B00199193 /* Info.plist */,
			);
			path = Example;
			sourceTree = "<group>";
		};
		4B2F8B462529E34C00199193 /* ExampleTests */ = {
			isa = PBXGroup;
			children = (
				4B2F8B472529E34C00199193 /* ExampleTests.swift */,
				4B2F8B492529E34C00199193 /* Info.plist */,
			);
			path = ExampleTests;
			sourceTree = "<group>";
		};
		4B2F8B512529E34C00199193 /* ExampleUITests */ = {
			isa = PBXGroup;
			children = (
				4B2F8B522529E34C00199193 /* ExampleUITests.swift */,
				4B2F8B542529E34C00199193 /* Info.plist */,
			);
			path = ExampleUITests;
			sourceTree = "<group>";
		};
/* End PBXGroup section */

/* Begin PBXNativeTarget section */
		4B2F8B2C2529E34800199193 /* Example */ = {
			isa = PBXNativeTarget;
			buildConfigurationList = 4B2F8B572529E34C00199193 /* Build configuration list for PBXNativeTarget "Example" */;
			buildPhases = (
				CC76B2D906E2BCBB864C3512 /* [CP] Check Pods Manifest.lock */,
				4B2F8B292529E34800199193 /* Sources */,
				4B2F8B2A2529E34800199193 /* Frameworks */,
				4B2F8B2B2529E34800199193 /* Resources */,
				435F9A6E89F6003C58C27AE3 /* [CP] Embed Pods Frameworks */,
			);
			buildRules = (
			);
			dependencies = (
			);
			name = Example;
			productName = Example;
			productReference = 4B2F8B2D2529E34800199193 /* Example.app */;
			productType = "com.apple.product-type.application";
		};
		4B2F8B422529E34C00199193 /* ExampleTests */ = {
			isa = PBXNativeTarget;
			buildConfigurationList = 4B2F8B5A2529E34C00199193 /* Build configuration list for PBXNativeTarget "ExampleTests" */;
			buildPhases = (
				4B2F8B3F2529E34C00199193 /* Sources */,
				4B2F8B402529E34C00199193 /* Frameworks */,
				4B2F8B412529E34C00199193 /* Resources */,
			);
			buildRules = (
			);
			dependencies = (
				4B2F8B452529E34C00199193 /* PBXTargetDependency */,
			);
			name = ExampleTests;
			productName = ExampleTests;
			productReference = 4B2F8B432529E34C00199193 /* ExampleTests.xctest */;
			productType = "com.apple.product-type.bundle.unit-test";
		};
		4B2F8B4D2529E34C00199193 /* ExampleUITests */ = {
			isa = PBXNativeTarget;
			buildConfigurationList = 4B2F8B5D2529E34C00199193 /* Build configuration list for PBXNativeTarget "ExampleUITests" */;
			buildPhases = (
				4B2F8B4A2529E34C00199193 /* Sources */,
				4B2F8B4B2529E34C00199193 /* Frameworks */,
				4B2F8B4C2529E34C00199193 /* Resources */,
			);
			buildRules = (
			);
			dependencies = (
				4B2F8B502529E34C00199193 /* PBXTargetDependency */,
			);
			name = ExampleUITests;
			productName = ExampleUITests;
			productReference = 4B2F8B4E2529E34C00199193 /* ExampleUITests.xctest */;
			productType = "com.apple.product-type.bundle.ui-testing";
		};
/* End PBXNativeTarget section */

/* Begin PBXProject section */
		4B2F8B252529E34800199193 /* Project object */ = {
			isa = PBXProject;
			attributes = {
				LastSwiftUpdateCheck = 1200;
				LastUpgradeCheck = 1200;
				TargetAttributes = {
					4B2F8B2C2529E34800199193 = {
						CreatedOnToolsVersion = 12.0;
					};
					4B2F8B422529E34C00199193 = {
						CreatedOnToolsVersion = 12.0;
						TestTargetID = 4B2F8B2C2529E34800199193;
					};
					4B2F8B4D2529E34C00199193 = {
						CreatedOnToolsVersion = 12.0;
						TestTargetID = 4B2F8B2C2529E34800199193;
					};
				};
			};
			buildConfigurationList = 4B2F8B282529E34800199193 /* Build configuration list for PBXProject "Example" */;
			compatibilityVersion = "Xcode 9.3";
			developmentRegion = en;
			hasScannedForEncodings = 0;
			knownRegions = (
				en,
				Base,
			);
			mainGroup = 4B2F8B242529E34800199193;
			productRefGroup = 4B2F8B2E2529E34800199193 /* Products */;
			projectDirPath = "";
			projectRoot = "";
			targets = (
				4B2F8B2C2529E34800199193 /* Example */,
				4B2F8B422529E34C00199193 /* ExampleTests */,
				4B2F8B4D2529E34C00199193 /* ExampleUITests */,
			);
		};
/* End PBXProject section */

/* Begin PBXResourcesBuildPhase section */
		4B2F8B2B2529E34800199193 /* Resources */ = {
			isa = PBXResourcesBuildPhase;
			buildActionMask = 2147483647;
			files = (
				4B2F8B3D2529E34B00199193 /* LaunchScreen.storyboard in Resources */,
				4B2F8B3A2529E34B00199193 /* Assets.xcassets in Resources */,
				4B2F8B382529E34800199193 /* Main.storyboard in Resources */,
			);
			runOnlyForDeploymentPostprocessing = 0;
		};
		4B2F8B412529E34C00199193 /* Resources */ = {
			isa = PBXResourcesBuildPhase;
			buildActionMask = 2147483647;
			files = (
			);
			runOnlyForDeploymentPostprocessing = 0;
		};
		4B2F8B4C2529E34C00199193 /* Resources */ = {
			isa = PBXResourcesBuildPhase;
			buildActionMask = 2147483647;
			files = (
			);
			runOnlyForDeploymentPostprocessing = 0;
		};
/* End PBXResourcesBuildPhase section */

/* Begin PBXShellScriptBuildPhase section */
		435F9A6E89F6003C58C27AE3 /* [CP] Embed Pods Frameworks */ = {
			isa = PBXShellScriptBuildPhase;
			buildActionMask = 2147483647;
			files = (
			);
			inputFileListPaths = (
				"${PODS_ROOT}/Target Support Files/Pods-Example/Pods-Example-frameworks-${CONFIGURATION}-input-files.xcfilelist",
			);
			name = "[CP] Embed Pods Frameworks";
			outputFileListPaths = (
				"${PODS_ROOT}/Target Support Files/Pods-Example/Pods-Example-frameworks-${CONFIGURATION}-output-files.xcfilelist",
			);
			runOnlyForDeploymentPostprocessing = 0;
			shellPath = /bin/sh;
			shellScript = "\"${PODS_ROOT}/Target Support Files/Pods-Example/Pods-Example-frameworks.sh\"\n";
			showEnvVarsInLog = 0;
		};
		CC76B2D906E2BCBB864C3512 /* [CP] Check Pods Manifest.lock */ = {
			isa = PBXShellScriptBuildPhase;
			buildActionMask = 2147483647;
			files = (
			);
			inputFileListPaths = (
			);
			inputPaths = (
				"${PODS_PODFILE_DIR_PATH}/Podfile.lock",
				"${PODS_ROOT}/Manifest.lock",
			);
			name = "[CP] Check Pods Manifest.lock";
			outputFileListPaths = (
			);
			outputPaths = (
				"$(DERIVED_FILE_DIR)/Pods-Example-checkManifestLockResult.txt",
			);
			runOnlyForDeploymentPostprocessing = 0;
			shellPath = /bin/sh;
			shellScript = "diff \"${PODS_PODFILE_DIR_PATH}/Podfile.lock\" \"${PODS_ROOT}/Manifest.lock\" > /dev/null\nif [ $? != 0 ] ; then\n    # print error to STDERR\n    echo \"error: The sandbox is not in sync with the Podfile.lock. Run 'pod install' or update your CocoaPods installation.\" >&2\n    exit 1\nfi\n# This output is used by Xcode 'outputs' to avoid re-running this script phase.\necho \"SUCCESS\" > \"${SCRIPT_OUTPUT_FILE_0}\"\n";
			showEnvVarsInLog = 0;
		};
/* End PBXShellScriptBuildPhase section */

/* Begin PBXSourcesBuildPhase section */
		4B2F8B292529E34800199193 /* Sources */ = {
			isa = PBXSourcesBuildPhase;
			buildActionMask = 2147483647;
			files = (
				4B2F8B352529E34800199193 /* ViewController.swift in Sources */,
				4B2F8B312529E34800199193 /* AppDelegate.swift in Sources */,
				4B2F8B332529E34800199193 /* SceneDelegate.swift in Sources */,
			);
			runOnlyForDeploymentPostprocessing = 0;
		};
		4B2F8B3F2529E34C00199193 /* Sources */ = {
			isa = PBXSourcesBuildPhase;
			buildActionMask = 2147483647;
			files = (
				4B2F8B482529E34C00199193 /* ExampleTests.swift in Sources */,
			);
			runOnlyForDeploymentPostprocessing = 0;
		};
		4B2F8B4A2529E34C00199193 /* Sources */ = {
			isa = PBXSourcesBuildPhase;
			buildActionMask = 2147483647;
			files = (
				4B2F8B532529E34C00199193 /* ExampleUITests.swift in Sources */,
			);
			runOnlyForDeploymentPostprocessing = 0;
		};
/* End PBXSourcesBuildPhase section */

/* Begin PBXTargetDependency section */
		4B2F8B452529E34C00199193 /* PBXTargetDependency */ = {
			isa = PBXTargetDependency;
			target = 4B2F8B2C2529E34800199193 /* Example */;
			targetProxy = 4B2F8B442529E34C00199193 /* PBXContainerItemProxy */;
		};
		4B2F8B502529E34C00199193 /* PBXTargetDependency */ = {
			isa = PBXTargetDependency;
			target = 4B2F8B2C2529E34800199193 /* Example */;
			targetProxy = 4B2F8B4F2529E34C00199193 /* PBXContainerItemProxy */;
		};
/* End PBXTargetDependency section */

/* Begin PBXVariantGroup section */
		4B2F8B362529E34800199193 /* Main.storyboard */ = {
			isa = PBXVariantGroup;
			children = (
				4B2F8B372529E34800199193 /* Base */,
			);
			name = Main.storyboard;
			sourceTree = "<group>";
		};
		4B2F8B3B2529E34B00199193 /* LaunchScreen.storyboard */ = {
			isa = PBXVariantGroup;
			children = (
				4B2F8B3C2529E34B00199193 /* Base */,
			);
			name = LaunchScreen.storyboard;
			sourceTree = "<group>";
		};
/* End PBXVariantGroup section */

/* Begin XCBuildConfiguration section */
		4B2F8B552529E34C00199193 /* Debug */ = {
			isa = XCBuildConfiguration;
			buildSettings = {
				ALWAYS_SEARCH_USER_PATHS = NO;
				CLANG_ANALYZER_NONNULL = YES;
				CLANG_ANALYZER_NUMBER_OBJECT_CONVERSION = YES_AGGRESSIVE;
				CLANG_CXX_LANGUAGE_STANDARD = "gnu++14";
				CLANG_CXX_LIBRARY = "libc++";
				CLANG_ENABLE_MODULES = YES;
				CLANG_ENABLE_OBJC_ARC = YES;
				CLANG_ENABLE_OBJC_WEAK = YES;
				CLANG_WARN_BLOCK_CAPTURE_AUTORELEASING = YES;
				CLANG_WARN_BOOL_CONVERSION = YES;
				CLANG_WARN_COMMA = YES;
				CLANG_WARN_CONSTANT_CONVERSION = YES;
				CLANG_WARN_DEPRECATED_OBJC_IMPLEMENTATIONS = YES;
				CLANG_WARN_DIRECT_OBJC_ISA_USAGE = YES_ERROR;
				CLANG_WARN_DOCUMENTATION_COMMENTS = YES;
				CLANG_WARN_EMPTY_BODY = YES;
				CLANG_WARN_ENUM_CONVERSION = YES;
				CLANG_WARN_INFINITE_RECURSION = YES;
				CLANG_WARN_INT_CONVERSION = YES;
				CLANG_WARN_NON_LITERAL_NULL_CONVERSION = YES;
				CLANG_WARN_OBJC_IMPLICIT_RETAIN_SELF = YES;
				CLANG_WARN_OBJC_LITERAL_CONVERSION = YES;
				CLANG_WARN_OBJC_ROOT_CLASS = YES_ERROR;
				CLANG_WARN_QUOTED_INCLUDE_IN_FRAMEWORK_HEADER = YES;
				CLANG_WARN_RANGE_LOOP_ANALYSIS = YES;
				CLANG_WARN_STRICT_PROTOTYPES = YES;
				CLANG_WARN_SUSPICIOUS_MOVE = YES;
				CLANG_WARN_UNGUARDED_AVAILABILITY = YES_AGGRESSIVE;
				CLANG_WARN_UNREACHABLE_CODE = YES;
				CLANG_WARN__DUPLICATE_METHOD_MATCH = YES;
				COPY_PHASE_STRIP = NO;
				DEBUG_INFORMATION_FORMAT = dwarf;
				ENABLE_STRICT_OBJC_MSGSEND = YES;
				ENABLE_TESTABILITY = YES;
				GCC_C_LANGUAGE_STANDARD = gnu11;
				GCC_DYNAMIC_NO_PIC = NO;
				GCC_NO_COMMON_BLOCKS = YES;
				GCC_OPTIMIZATION_LEVEL = 0;
				GCC_PREPROCESSOR_DEFINITIONS = (
					"DEBUG=1",
					"$(inherited)",
				);
				GCC_WARN_64_TO_32_BIT_CONVERSION = YES;
				GCC_WARN_ABOUT_RETURN_TYPE = YES_ERROR;
				GCC_WARN_UNDECLARED_SELECTOR = YES;
				GCC_WARN_UNINITIALIZED_AUTOS = YES_AGGRESSIVE;
				GCC_WARN_UNUSED_FUNCTION = YES;
				GCC_WARN_UNUSED_VARIABLE = YES;
				IPHONEOS_DEPLOYMENT_TARGET = 14.0;
				MTL_ENABLE_DEBUG_INFO = INCLUDE_SOURCE;
				MTL_FAST_MATH = YES;
				ONLY_ACTIVE_ARCH = YES;
				SDKROOT = iphoneos;
				SWIFT_ACTIVE_COMPILATION_CONDITIONS = DEBUG;
				SWIFT_OPTIMIZATION_LEVEL = "-Onone";
			};
			name = Debug;
		};
		4B2F8B562529E34C00199193 /* Release */ = {
			isa = XCBuildConfiguration;
			buildSettings = {
				ALWAYS_SEARCH_USER_PATHS = NO;
				CLANG_ANALYZER_NONNULL = YES;
				CLANG_ANALYZER_NUMBER_OBJECT_CONVERSION = YES_AGGRESSIVE;
				CLANG_CXX_LANGUAGE_STANDARD = "gnu++14";
				CLANG_CXX_LIBRARY = "libc++";
				CLANG_ENABLE_MODULES = YES;
				CLANG_ENABLE_OBJC_ARC = YES;
				CLANG_ENABLE_OBJC_WEAK = YES;
				CLANG_WARN_BLOCK_CAPTURE_AUTORELEASING = YES;
				CLANG_WARN_BOOL_CONVERSION = YES;
				CLANG_WARN_COMMA = YES;
				CLANG_WARN_CONSTANT_CONVERSION = YES;
				CLANG_WARN_DEPRECATED_OBJC_IMPLEMENTATIONS = YES;
				CLANG_WARN_DIRECT_OBJC_ISA_USAGE = YES_ERROR;
				CLANG_WARN_DOCUMENTATION_COMMENTS = YES;
				CLANG_WARN_EMPTY_BODY = YES;
				CLANG_WARN_ENUM_CONVERSION = YES;
				CLANG_WARN_INFINITE_RECURSION = YES;
				CLANG_WARN_INT_CONVERSION = YES;
				CLANG_WARN_NON_LITERAL_NULL_CONVERSION = YES;
				CLANG_WARN_OBJC_IMPLICIT_RETAIN_SELF = YES;
				CLANG_WARN_OBJC_LITERAL_CONVERSION = YES;
				CLANG_WARN_OBJC_ROOT_CLASS = YES_ERROR;
				CLANG_WARN_QUOTED_INCLUDE_IN_FRAMEWORK_HEADER = YES;
				CLANG_WARN_RANGE_LOOP_ANALYSIS = YES;
				CLANG_WARN_STRICT_PROTOTYPES = YES;
				CLANG_WARN_SUSPICIOUS_MOVE = YES;
				CLANG_WARN_UNGUARDED_AVAILABILITY = YES_AGGRESSIVE;
				CLANG_WARN_UNREACHABLE_CODE = YES;
				CLANG_WARN__DUPLICATE_METHOD_MATCH = YES;
				COPY_PHASE_STRIP = NO;
				DEBUG_INFORMATION_FORMAT = "dwarf-with-dsym";
				ENABLE_NS_ASSERTIONS = NO;
				ENABLE_STRICT_OBJC_MSGSEND = YES;
				GCC_C_LANGUAGE_STANDARD = gnu11;
				GCC_NO_COMMON_BLOCKS = YES;
				GCC_WARN_64_TO_32_BIT_CONVERSION = YES;
				GCC_WARN_ABOUT_RETURN_TYPE = YES_ERROR;
				GCC_WARN_UNDECLARED_SELECTOR = YES;
				GCC_WARN_UNINITIALIZED_AUTOS = YES_AGGRESSIVE;
				GCC_WARN_UNUSED_FUNCTION = YES;
				GCC_WARN_UNUSED_VARIABLE = YES;
				IPHONEOS_DEPLOYMENT_TARGET = 14.0;
				MTL_ENABLE_DEBUG_INFO = NO;
				MTL_FAST_MATH = YES;
				SDKROOT = iphoneos;
				SWIFT_COMPILATION_MODE = wholemodule;
				SWIFT_OPTIMIZATION_LEVEL = "-O";
				VALIDATE_PRODUCT = YES;
			};
			name = Release;
		};
		4B2F8B582529E34C00199193 /* Debug */ = {
			isa = XCBuildConfiguration;
			baseConfigurationReference = 590EF0D243B0FD8E960D1330 /* Pods-Example.debug.xcconfig */;
			buildSettings = {
				ASSETCATALOG_COMPILER_APPICON_NAME = AppIcon;
				ASSETCATALOG_COMPILER_GLOBAL_ACCENT_COLOR_NAME = AccentColor;
				CODE_SIGN_STYLE = Automatic;
				DEVELOPMENT_TEAM = VLFF5RNAM4;
				INFOPLIST_FILE = Example/Info.plist;
				LD_RUNPATH_SEARCH_PATHS = (
					"$(inherited)",
					"@executable_path/Frameworks",
				);
				PRODUCT_BUNDLE_IDENTIFIER = Freedom.com.Example;
				PRODUCT_NAME = "$(TARGET_NAME)";
				SWIFT_VERSION = 5.0;
				TARGETED_DEVICE_FAMILY = "1,2";
			};
			name = Debug;
		};
		4B2F8B592529E34C00199193 /* Release */ = {
			isa = XCBuildConfiguration;
			baseConfigurationReference = 3BB08DEF59DB3F312F17BCC2 /* Pods-Example.release.xcconfig */;
			buildSettings = {
				ASSETCATALOG_COMPILER_APPICON_NAME = AppIcon;
				ASSETCATALOG_COMPILER_GLOBAL_ACCENT_COLOR_NAME = AccentColor;
				CODE_SIGN_STYLE = Automatic;
				DEVELOPMENT_TEAM = VLFF5RNAM4;
				INFOPLIST_FILE = Example/Info.plist;
				LD_RUNPATH_SEARCH_PATHS = (
					"$(inherited)",
					"@executable_path/Frameworks",
				);
				PRODUCT_BUNDLE_IDENTIFIER = Freedom.com.Example;
				PRODUCT_NAME = "$(TARGET_NAME)";
				SWIFT_VERSION = 5.0;
				TARGETED_DEVICE_FAMILY = "1,2";
			};
			name = Release;
		};
		4B2F8B5B2529E34C00199193 /* Debug */ = {
			isa = XCBuildConfiguration;
			buildSettings = {
				ALWAYS_EMBED_SWIFT_STANDARD_LIBRARIES = YES;
				BUNDLE_LOADER = "$(TEST_HOST)";
				CODE_SIGN_STYLE = Automatic;
				DEVELOPMENT_TEAM = VLFF5RNAM4;
				INFOPLIST_FILE = ExampleTests/Info.plist;
				IPHONEOS_DEPLOYMENT_TARGET = 14.0;
				LD_RUNPATH_SEARCH_PATHS = (
					"$(inherited)",
					"@executable_path/Frameworks",
					"@loader_path/Frameworks",
				);
				PRODUCT_BUNDLE_IDENTIFIER = Freedom.com.ExampleTests;
				PRODUCT_NAME = "$(TARGET_NAME)";
				SWIFT_VERSION = 5.0;
				TARGETED_DEVICE_FAMILY = "1,2";
				TEST_HOST = "$(BUILT_PRODUCTS_DIR)/Example.app/Example";
			};
			name = Debug;
		};
		4B2F8B5C2529E34C00199193 /* Release */ = {
			isa = XCBuildConfiguration;
			buildSettings = {
				ALWAYS_EMBED_SWIFT_STANDARD_LIBRARIES = YES;
				BUNDLE_LOADER = "$(TEST_HOST)";
				CODE_SIGN_STYLE = Automatic;
				DEVELOPMENT_TEAM = VLFF5RNAM4;
				INFOPLIST_FILE = ExampleTests/Info.plist;
				IPHONEOS_DEPLOYMENT_TARGET = 14.0;
				LD_RUNPATH_SEARCH_PATHS = (
					"$(inherited)",
					"@executable_path/Frameworks",
					"@loader_path/Frameworks",
				);
				PRODUCT_BUNDLE_IDENTIFIER = Freedom.com.ExampleTests;
				PRODUCT_NAME = "$(TARGET_NAME)";
				SWIFT_VERSION = 5.0;
				TARGETED_DEVICE_FAMILY = "1,2";
				TEST_HOST = "$(BUILT_PRODUCTS_DIR)/Example.app/Example";
			};
			name = Release;
		};
		4B2F8B5E2529E34C00199193 /* Debug */ = {
			isa = XCBuildConfiguration;
			buildSettings = {
				ALWAYS_EMBED_SWIFT_STANDARD_LIBRARIES = YES;
				CODE_SIGN_STYLE = Automatic;
				DEVELOPMENT_TEAM = VLFF5RNAM4;
				INFOPLIST_FILE = ExampleUITests/Info.plist;
				LD_RUNPATH_SEARCH_PATHS = (
					"$(inherited)",
					"@executable_path/Frameworks",
					"@loader_path/Frameworks",
				);
				PRODUCT_BUNDLE_IDENTIFIER = Freedom.com.ExampleUITests;
				PRODUCT_NAME = "$(TARGET_NAME)";
				SWIFT_VERSION = 5.0;
				TARGETED_DEVICE_FAMILY = "1,2";
				TEST_TARGET_NAME = Example;
			};
			name = Debug;
		};
		4B2F8B5F2529E34C00199193 /* Release */ = {
			isa = XCBuildConfiguration;
			buildSettings = {
				ALWAYS_EMBED_SWIFT_STANDARD_LIBRARIES = YES;
				CODE_SIGN_STYLE = Automatic;
				DEVELOPMENT_TEAM = VLFF5RNAM4;
				INFOPLIST_FILE = ExampleUITests/Info.plist;
				LD_RUNPATH_SEARCH_PATHS = (
					"$(inherited)",
					"@executable_path/Frameworks",
					"@loader_path/Frameworks",
				);
				PRODUCT_BUNDLE_IDENTIFIER = Freedom.com.ExampleUITests;
				PRODUCT_NAME = "$(TARGET_NAME)";
				SWIFT_VERSION = 5.0;
				TARGETED_DEVICE_FAMILY = "1,2";
				TEST_TARGET_NAME = Example;
			};
			name = Release;
		};
/* End XCBuildConfiguration section */

/* Begin XCConfigurationList section */
		4B2F8B282529E34800199193 /* Build configuration list for PBXProject "Example" */ = {
			isa = XCConfigurationList;
			buildConfigurations = (
				4B2F8B552529E34C00199193 /* Debug */,
				4B2F8B562529E34C00199193 /* Release */,
			);
			defaultConfigurationIsVisible = 0;
			defaultConfigurationName = Release;
		};
		4B2F8B572529E34C00199193 /* Build configuration list for PBXNativeTarget "Example" */ = {
			isa = XCConfigurationList;
			buildConfigurations = (
				4B2F8B582529E34C00199193 /* Debug */,
				4B2F8B592529E34C00199193 /* Release */,
			);
			defaultConfigurationIsVisible = 0;
			defaultConfigurationName = Release;
		};
		4B2F8B5A2529E34C00199193 /* Build configuration list for PBXNativeTarget "ExampleTests" */ = {
			isa = XCConfigurationList;
			buildConfigurations = (
				4B2F8B5B2529E34C00199193 /* Debug */,
				4B2F8B5C2529E34C00199193 /* Release */,
			);
			defaultConfigurationIsVisible = 0;
			defaultConfigurationName = Release;
		};
		4B2F8B5D2529E34C00199193 /* Build configuration list for PBXNativeTarget "ExampleUITests" */ = {
			isa = XCConfigurationList;
			buildConfigurations = (
				4B2F8B5E2529E34C00199193 /* Debug */,
				4B2F8B5F2529E34C00199193 /* Release */,
			);
			defaultConfigurationIsVisible = 0;
			defaultConfigurationName = Release;
		};
/* End XCConfigurationList section */
	};
	rootObject = 4B2F8B252529E34800199193 /* Project object */;
}
